
Microsoft Visual Studio Solution File, Format Version 12.00
# Visual Studio Version 17
VisualStudioVersion = 17.6.33829.357
MinimumVisualStudioVersion = 10.0.40219.1
Project("{FAE04EC0-301F-11D3-BF4B-00C04F79EFBC}") = "JokeWebApp", "JokeWebApp.csproj", "{419EFE4D-A47D-418B-8A23-E0572E1BDAF6}"
EndProject
Global
	GlobalSection(SolutionConfigurationPlatforms) = preSolution
		Debug|Any CPU = Debug|Any CPU
		Release|Any CPU = Release|Any CPU
	EndGlobalSection
	GlobalSection(ProjectConfigurationPlatforms) = postSolution
		{419EFE4D-A47D-418B-8A23-E0572E1BDAF6}.Debug|Any CPU.ActiveCfg = Debug|Any CPU
		{419EFE4D-A47D-418B-8A23-E0572E1BDAF6}.Debug|Any CPU.Build.0 = Debug|Any CPU
		{419EFE4D-A47D-418B-8A23-E0572E1BDAF6}.Release|Any CPU.ActiveCfg = Release|Any CPU
		{419EFE4D-A47D-418B-8A23-E0572E1BDAF6}.Release|Any CPU.Build.0 = Release|Any CPU
	EndGlobalSection
	GlobalSection(SolutionProperties) = preSolution
		HideSolutionNode = FALSE
	EndGlobalSection
	GlobalSection(ExtensibilityGlobals) = postSolution
		SolutionGuid = {462EAC63-3411-4CFB-984C-91A226123257}
	EndGlobalSection
EndGlobal
